// !$*UTF8*$!
{
	archiveVersion = 1;
	classes = {
	};
	objectVersion = 46;
	objects = {

/* Begin PBXBuildFile section */
		6283B3A21D837206007A5385 /* AppDelegate.swift in Sources */ = {isa = PBXBuildFile; fileRef = 6283B3A11D837206007A5385 /* AppDelegate.swift */; };
		6283B3A41D837206007A5385 /* ViewController.swift in Sources */ = {isa = PBXBuildFile; fileRef = 6283B3A31D837206007A5385 /* ViewController.swift */; };
		6283B3A71D837206007A5385 /* Main.storyboard in Resources */ = {isa = PBXBuildFile; fileRef = 6283B3A51D837206007A5385 /* Main.storyboard */; };
		6283B3A91D837206007A5385 /* Assets.xcassets in Resources */ = {isa = PBXBuildFile; fileRef = 6283B3A81D837206007A5385 /* Assets.xcassets */; };
		6283B3AC1D837206007A5385 /* LaunchScreen.storyboard in Resources */ = {isa = PBXBuildFile; fileRef = 6283B3AA1D837206007A5385 /* LaunchScreen.storyboard */; };
		6283B3B71D837206007A5385 /* testGItTests.swift in Sources */ = {isa = PBXBuildFile; fileRef = 6283B3B61D837206007A5385 /* testGItTests.swift */; };
		6283B3C21D837206007A5385 /* testGItUITests.swift in Sources */ = {isa = PBXBuildFile; fileRef = 6283B3C11D837206007A5385 /* testGItUITests.swift */; };
/* End PBXBuildFile section */

/* Begin PBXContainerItemProxy section */
		6283B3B31D837206007A5385 /* PBXContainerItemProxy */ = {
			isa = PBXContainerItemProxy;
			containerPortal = 6283B3961D837205007A5385 /* Project object */;
			proxyType = 1;
			remoteGlobalIDString = 6283B39D1D837205007A5385;
			remoteInfo = testGIt;
		};
		6283B3BE1D837206007A5385 /* PBXContainerItemProxy */ = {
			isa = PBXContainerItemProxy;
			containerPortal = 6283B3961D837205007A5385 /* Project object */;
			proxyType = 1;
			remoteGlobalIDString = 6283B39D1D837205007A5385;
			remoteInfo = testGIt;
		};
/* End PBXContainerItemProxy section */

/* Begin PBXFileReference section */
		6283B39E1D837205007A5385 /* testGIt.app */ = {isa = PBXFileReference; explicitFileType = wrapper.application; includeInIndex = 0; path = testGIt.app; sourceTree = BUILT_PRODUCTS_DIR; };
		6283B3A11D837206007A5385 /* AppDelegate.swift */ = {isa = PBXFileReference; lastKnownFileType = sourcecode.swift; path = AppDelegate.swift; sourceTree = "<group>"; };
		6283B3A31D837206007A5385 /* ViewController.swift */ = {isa = PBXFileReference; lastKnownFileType = sourcecode.swift; path = ViewController.swift; sourceTree = "<group>"; };
		6283B3A61D837206007A5385 /* Base */ = {isa = PBXFileReference; lastKnownFileType = file.storyboard; name = Base; path = Base.lproj/Main.storyboard; sourceTree = "<group>"; };
		6283B3A81D837206007A5385 /* Assets.xcassets */ = {isa = PBXFileReference; lastKnownFileType = folder.assetcatalog; path = Assets.xcassets; sourceTree = "<group>"; };
		6283B3AB1D837206007A5385 /* Base */ = {isa = PBXFileReference; lastKnownFileType = file.storyboard; name = Base; path = Base.lproj/LaunchScreen.storyboard; sourceTree = "<group>"; };
		6283B3AD1D837206007A5385 /* Info.plist */ = {isa = PBXFileReference; lastKnownFileType = text.plist.xml; path = Info.plist; sourceTree = "<group>"; };
		6283B3B21D837206007A5385 /* testGItTests.xctest */ = {isa = PBXFileReference; explicitFileType = wrapper.cfbundle; includeInIndex = 0; path = testGItTests.xctest; sourceTree = BUILT_PRODUCTS_DIR; };
		6283B3B61D837206007A5385 /* testGItTests.swift */ = {isa = PBXFileReference; lastKnownFileType = sourcecode.swift; path = testGItTests.swift; sourceTree = "<group>"; };
		6283B3B81D837206007A5385 /* Info.plist */ = {isa = PBXFileReference; lastKnownFileType = text.plist.xml; path = Info.plist; sourceTree = "<group>"; };
		6283B3BD1D837206007A5385 /* testGItUITests.xctest */ = {isa = PBXFileReference; explicitFileType = wrapper.cfbundle; includeInIndex = 0; path = testGItUITests.xctest; sourceTree = BUILT_PRODUCTS_DIR; };
		6283B3C11D837206007A5385 /* testGItUITests.swift */ = {isa = PBXFileReference; lastKnownFileType = sourcecode.swift; path = testGItUITests.swift; sourceTree = "<group>"; };
		6283B3C31D837206007A5385 /* Info.plist */ = {isa = PBXFileReference; lastKnownFileType = text.plist.xml; path = Info.plist; sourceTree = "<group>"; };
/* End PBXFileReference section */

/* Begin PBXFrameworksBuildPhase section */
		6283B39B1D837205007A5385 /* Frameworks */ = {
			isa = PBXFrameworksBuildPhase;
			buildActionMask = 2147483647;
			files = (
			);
			runOnlyForDeploymentPostprocessing = 0;
		};
		6283B3AF1D837206007A5385 /* Frameworks */ = {
			isa = PBXFrameworksBuildPhase;
			buildActionMask = 2147483647;
			files = (
			);
			runOnlyForDeploymentPostprocessing = 0;
		};
		6283B3BA1D837206007A5385 /* Frameworks */ = {
			isa = PBXFrameworksBuildPhase;
			buildActionMask = 2147483647;
			files = (
			);
			runOnlyForDeploymentPostprocessing = 0;
		};
/* End PBXFrameworksBuildPhase section */

/* Begin PBXGroup section */
		6283B3951D837205007A5385 = {
			isa = PBXGroup;
			children = (
				6283B3A01D837206007A5385 /* testGIt */,
				6283B3B51D837206007A5385 /* testGItTests */,
				6283B3C01D837206007A5385 /* testGItUITests */,
				6283B39F1D837205007A5385 /* Products */,
			);
			sourceTree = "<group>";
		};
		6283B39F1D837205007A5385 /* Products */ = {
			isa = PBXGroup;
			children = (
				6283B39E1D837205007A5385 /* testGIt.app */,
				6283B3B21D837206007A5385 /* testGItTests.xctest */,
				6283B3BD1D837206007A5385 /* testGItUITests.xctest */,
			);
			name = Products;
			sourceTree = "<group>";
		};
		6283B3A01D837206007A5385 /* testGIt */ = {
			isa = PBXGroup;
			children = (
				6283B3A11D837206007A5385 /* AppDelegate.swift */,
				6283B3A31D837206007A5385 /* ViewController.swift */,
				6283B3A51D837206007A5385 /* Main.storyboard */,
				6283B3A81D837206007A5385 /* Assets.xcassets */,
				6283B3AA1D837206007A5385 /* LaunchScreen.storyboard */,
				6283B3AD1D837206007A5385 /* Info.plist */,
			);
			path = testGIt;
			sourceTree = "<group>";
		};
		6283B3B51D837206007A5385 /* testGItTests */ = {
			isa = PBXGroup;
			children = (
				6283B3B61D837206007A5385 /* testGItTests.swift */,
				6283B3B81D837206007A5385 /* Info.plist */,
			);
			path = testGItTests;
			sourceTree = "<group>";
		};
		6283B3C01D837206007A5385 /* testGItUITests */ = {
			isa = PBXGroup;
			children = (
				6283B3C11D837206007A5385 /* testGItUITests.swift */,
				6283B3C31D837206007A5385 /* Info.plist */,
			);
			path = testGItUITests;
			sourceTree = "<group>";
		};
/* End PBXGroup section */

/* Begin PBXNativeTarget section */
		6283B39D1D837205007A5385 /* testGIt */ = {
			isa = PBXNativeTarget;
			buildConfigurationList = 6283B3C61D837206007A5385 /* Build configuration list for PBXNativeTarget "testGIt" */;
			buildPhases = (
				6283B39A1D837205007A5385 /* Sources */,
				6283B39B1D837205007A5385 /* Frameworks */,
				6283B39C1D837205007A5385 /* Resources */,
			);
			buildRules = (
			);
			dependencies = (
			);
			name = testGIt;
			productName = testGIt;
			productReference = 6283B39E1D837205007A5385 /* testGIt.app */;
			productType = "com.apple.product-type.application";
		};
		6283B3B11D837206007A5385 /* testGItTests */ = {
			isa = PBXNativeTarget;
			buildConfigurationList = 6283B3C91D837206007A5385 /* Build configuration list for PBXNativeTarget "testGItTests" */;
			buildPhases = (
				6283B3AE1D837206007A5385 /* Sources */,
				6283B3AF1D837206007A5385 /* Frameworks */,
				6283B3B01D837206007A5385 /* Resources */,
			);
			buildRules = (
			);
			dependencies = (
				6283B3B41D837206007A5385 /* PBXTargetDependency */,
			);
			name = testGItTests;
			productName = testGItTests;
			productReference = 6283B3B21D837206007A5385 /* testGItTests.xctest */;
			productType = "com.apple.product-type.bundle.unit-test";
		};
		6283B3BC1D837206007A5385 /* testGItUITests */ = {
			isa = PBXNativeTarget;
			buildConfigurationList = 6283B3CC1D837206007A5385 /* Build configuration list for PBXNativeTarget "testGItUITests" */;
			buildPhases = (
				6283B3B91D837206007A5385 /* Sources */,
				6283B3BA1D837206007A5385 /* Frameworks */,
				6283B3BB1D837206007A5385 /* Resources */,
			);
			buildRules = (
			);
			dependencies = (
				6283B3BF1D837206007A5385 /* PBXTargetDependency */,
			);
			name = testGItUITests;
			productName = testGItUITests;
			productReference = 6283B3BD1D837206007A5385 /* testGItUITests.xctest */;
			productType = "com.apple.product-type.bundle.ui-testing";
		};
/* End PBXNativeTarget section */

/* Begin PBXProject section */
		6283B3961D837205007A5385 /* Project object */ = {
			isa = PBXProject;
			attributes = {
				LastSwiftUpdateCheck = 0730;
				LastUpgradeCheck = 0730;
				ORGANIZATIONNAME = "Roberto Arroyo";
				TargetAttributes = {
					6283B39D1D837205007A5385 = {
						CreatedOnToolsVersion = 7.3.1;
					};
					6283B3B11D837206007A5385 = {
						CreatedOnToolsVersion = 7.3.1;
						TestTargetID = 6283B39D1D837205007A5385;
					};
					6283B3BC1D837206007A5385 = {
						CreatedOnToolsVersion = 7.3.1;
						TestTargetID = 6283B39D1D837205007A5385;
					};
				};
			};
			buildConfigurationList = 6283B3991D837205007A5385 /* Build configuration list for PBXProject "testGIt" */;
			compatibilityVersion = "Xcode 3.2";
			developmentRegion = English;
			hasScannedForEncodings = 0;
			knownRegions = (
				en,
				Base,
			);
			mainGroup = 6283B3951D837205007A5385;
			productRefGroup = 6283B39F1D837205007A5385 /* Products */;
			projectDirPath = "";
			projectRoot = "";
			targets = (
				6283B39D1D837205007A5385 /* testGIt */,
				6283B3B11D837206007A5385 /* testGItTests */,
				6283B3BC1D837206007A5385 /* testGItUITests */,
			);
		};
/* End PBXProject section */

/* Begin PBXResourcesBuildPhase section */
		6283B39C1D837205007A5385 /* Resources */ = {
			isa = PBXResourcesBuildPhase;
			buildActionMask = 2147483647;
			files = (
				6283B3AC1D837206007A5385 /* LaunchScreen.storyboard in Resources */,
				6283B3A91D837206007A5385 /* Assets.xcassets in Resources */,
				6283B3A71D837206007A5385 /* Main.storyboard in Resources */,
			);
			runOnlyForDeploymentPostprocessing = 0;
		};
		6283B3B01D837206007A5385 /* Resources */ = {
			isa = PBXResourcesBuildPhase;
			buildActionMask = 2147483647;
			files = (
			);
			runOnlyForDeploymentPostprocessing = 0;
		};
		6283B3BB1D837206007A5385 /* Resources */ = {
			isa = PBXResourcesBuildPhase;
			buildActionMask = 2147483647;
			files = (
			);
			runOnlyForDeploymentPostprocessing = 0;
		};
/* End PBXResourcesBuildPhase section */

/* Begin PBXSourcesBuildPhase section */
		6283B39A1D837205007A5385 /* Sources */ = {
			isa = PBXSourcesBuildPhase;
			buildActionMask = 2147483647;
			files = (
				6283B3A41D837206007A5385 /* ViewController.swift in Sources */,
				6283B3A21D837206007A5385 /* AppDelegate.swift in Sources */,
			);
			runOnlyForDeploymentPostprocessing = 0;
		};
		6283B3AE1D837206007A5385 /* Sources */ = {
			isa = PBXSourcesBuildPhase;
			buildActionMask = 2147483647;
			files = (
				6283B3B71D837206007A5385 /* testGItTests.swift in Sources */,
			);
			runOnlyForDeploymentPostprocessing = 0;
		};
		6283B3B91D837206007A5385 /* Sources */ = {
			isa = PBXSourcesBuildPhase;
			buildActionMask = 2147483647;
			files = (
				6283B3C21D837206007A5385 /* testGItUITests.swift in Sources */,
			);
			runOnlyForDeploymentPostprocessing = 0;
		};
/* End PBXSourcesBuildPhase section */

/* Begin PBXTargetDependency section */
		6283B3B41D837206007A5385 /* PBXTargetDependency */ = {
			isa = PBXTargetDependency;
			target = 6283B39D1D837205007A5385 /* testGIt */;
			targetProxy = 6283B3B31D837206007A5385 /* PBXContainerItemProxy */;
		};
		6283B3BF1D837206007A5385 /* PBXTargetDependency */ = {
			isa = PBXTargetDependency;
			target = 6283B39D1D837205007A5385 /* testGIt */;
			targetProxy = 6283B3BE1D837206007A5385 /* PBXContainerItemProxy */;
		};
/* End PBXTargetDependency section */

/* Begin PBXVariantGroup section */
		6283B3A51D837206007A5385 /* Main.storyboard */ = {
			isa = PBXVariantGroup;
			children = (
				6283B3A61D837206007A5385 /* Base */,
			);
			name = Main.storyboard;
			sourceTree = "<group>";
		};
		6283B3AA1D837206007A5385 /* LaunchScreen.storyboard */ = {
			isa = PBXVariantGroup;
			children = (
				6283B3AB1D837206007A5385 /* Base */,
			);
			name = LaunchScreen.storyboard;
			sourceTree = "<group>";
		};
/* End PBXVariantGroup section */

/* Begin XCBuildConfiguration section */
		6283B3C41D837206007A5385 /* Debug */ = {
			isa = XCBuildConfiguration;
			buildSettings = {
				ALWAYS_SEARCH_USER_PATHS = NO;
				CLANG_ANALYZER_NONNULL = YES;
				CLANG_CXX_LANGUAGE_STANDARD = "gnu++0x";
				CLANG_CXX_LIBRARY = "libc++";
				CLANG_ENABLE_MODULES = YES;
				CLANG_ENABLE_OBJC_ARC = YES;
				CLANG_WARN_BOOL_CONVERSION = YES;
				CLANG_WARN_CONSTANT_CONVERSION = YES;
				CLANG_WARN_DIRECT_OBJC_ISA_USAGE = YES_ERROR;
				CLANG_WARN_EMPTY_BODY = YES;
				CLANG_WARN_ENUM_CONVERSION = YES;
				CLANG_WARN_INT_CONVERSION = YES;
				CLANG_WARN_OBJC_ROOT_CLASS = YES_ERROR;
				CLANG_WARN_UNREACHABLE_CODE = YES;
				CLANG_WARN__DUPLICATE_METHOD_MATCH = YES;
				"CODE_SIGN_IDENTITY[sdk=iphoneos*]" = "iPhone Developer";
				COPY_PHASE_STRIP = NO;
				DEBUG_INFORMATION_FORMAT = dwarf;
				ENABLE_STRICT_OBJC_MSGSEND = YES;
				ENABLE_TESTABILITY = YES;
				GCC_C_LANGUAGE_STANDARD = gnu99;
				GCC_DYNAMIC_NO_PIC = NO;
				GCC_NO_COMMON_BLOCKS = YES;
				GCC_OPTIMIZATION_LEVEL = 0;
				GCC_PREPROCESSOR_DEFINITIONS = (
					"DEBUG=1",
					"$(inherited)",
				);
				GCC_WARN_64_TO_32_BIT_CONVERSION = YES;
				GCC_WARN_ABOUT_RETURN_TYPE = YES_ERROR;
				GCC_WARN_UNDECLARED_SELECTOR = YES;
				GCC_WARN_UNINITIALIZED_AUTOS = YES_AGGRESSIVE;
				GCC_WARN_UNUSED_FUNCTION = YES;
				GCC_WARN_UNUSED_VARIABLE = YES;
				IPHONEOS_DEPLOYMENT_TARGET = 9.3;
				MTL_ENABLE_DEBUG_INFO = YES;
				ONLY_ACTIVE_ARCH = YES;
				SDKROOT = iphoneos;
				SWIFT_OPTIMIZATION_LEVEL = "-Onone";
				TARGETED_DEVICE_FAMILY = "1,2";
			};
			name = Debug;
		};
		6283B3C51D837206007A5385 /* Release */ = {
			isa = XCBuildConfiguration;
			buildSettings = {
				ALWAYS_SEARCH_USER_PATHS = NO;
				CLANG_ANALYZER_NONNULL = YES;
				CLANG_CXX_LANGUAGE_STANDARD = "gnu++0x";
				CLANG_CXX_LIBRARY = "libc++";
				CLANG_ENABLE_MODULES = YES;
				CLANG_ENABLE_OBJC_ARC = YES;
				CLANG_WARN_BOOL_CONVERSION = YES;
				CLANG_WARN_CONSTANT_CONVERSION = YES;
				CLANG_WARN_DIRECT_OBJC_ISA_USAGE = YES_ERROR;
				CLANG_WARN_EMPTY_BODY = YES;
				CLANG_WARN_ENUM_CONVERSION = YES;
				CLANG_WARN_INT_CONVERSION = YES;
				CLANG_WARN_OBJC_ROOT_CLASS = YES_ERROR;
				CLANG_WARN_UNREACHABLE_CODE = YES;
				CLANG_WARN__DUPLICATE_METHOD_MATCH = YES;
				"CODE_SIGN_IDENTITY[sdk=iphoneos*]" = "iPhone Developer";
				COPY_PHASE_STRIP = NO;
				DEBUG_INFORMATION_FORMAT = "dwarf-with-dsym";
				ENABLE_NS_ASSERTIONS = NO;
				ENABLE_STRICT_OBJC_MSGSEND = YES;
				GCC_C_LANGUAGE_STANDARD = gnu99;
				GCC_NO_COMMON_BLOCKS = YES;
				GCC_WARN_64_TO_32_BIT_CONVERSION = YES;
				GCC_WARN_ABOUT_RETURN_TYPE = YES_ERROR;
				GCC_WARN_UNDECLARED_SELECTOR = YES;
				GCC_WARN_UNINITIALIZED_AUTOS = YES_AGGRESSIVE;
				GCC_WARN_UNUSED_FUNCTION = YES;
				GCC_WARN_UNUSED_VARIABLE = YES;
				IPHONEOS_DEPLOYMENT_TARGET = 9.3;
				MTL_ENABLE_DEBUG_INFO = NO;
				SDKROOT = iphoneos;
				TARGETED_DEVICE_FAMILY = "1,2";
				VALIDATE_PRODUCT = YES;
			};
			name = Release;
		};
		6283B3C71D837206007A5385 /* Debug */ = {
			isa = XCBuildConfiguration;
			buildSettings = {
				ASSETCATALOG_COMPILER_APPICON_NAME = AppIcon;
				INFOPLIST_FILE = testGIt/Info.plist;
				LD_RUNPATH_SEARCH_PATHS = "$(inherited) @executable_path/Frameworks";
				PRODUCT_BUNDLE_IDENTIFIER = tao.testGIt;
				PRODUCT_NAME = "$(TARGET_NAME)";
			};
			name = Debug;
		};
		6283B3C81D837206007A5385 /* Release */ = {
			isa = XCBuildConfiguration;
			buildSettings = {
				ASSETCATALOG_COMPILER_APPICON_NAME = AppIcon;
				INFOPLIST_FILE = testGIt/Info.plist;
				LD_RUNPATH_SEARCH_PATHS = "$(inherited) @executable_path/Frameworks";
				PRODUCT_BUNDLE_IDENTIFIER = tao.testGIt;
				PRODUCT_NAME = "$(TARGET_NAME)";
			};
			name = Release;
		};
		6283B3CA1D837206007A5385 /* Debug */ = {
			isa = XCBuildConfiguration;
			buildSettings = {
				BUNDLE_LOADER = "$(TEST_HOST)";
				INFOPLIST_FILE = testGItTests/Info.plist;
				LD_RUNPATH_SEARCH_PATHS = "$(inherited) @executable_path/Frameworks @loader_path/Frameworks";
				PRODUCT_BUNDLE_IDENTIFIER = tao.testGItTests;
				PRODUCT_NAME = "$(TARGET_NAME)";
				TEST_HOST = "$(BUILT_PRODUCTS_DIR)/testGIt.app/testGIt";
			};
			name = Debug;
		};
		6283B3CB1D837206007A5385 /* Release */ = {
			isa = XCBuildConfiguration;
			buildSettings = {
				BUNDLE_LOADER = "$(TEST_HOST)";
				INFOPLIST_FILE = testGItTests/Info.plist;
				LD_RUNPATH_SEARCH_PATHS = "$(inherited) @executable_path/Frameworks @loader_path/Frameworks";
				PRODUCT_BUNDLE_IDENTIFIER = tao.testGItTests;
				PRODUCT_NAME = "$(TARGET_NAME)";
				TEST_HOST = "$(BUILT_PRODUCTS_DIR)/testGIt.app/testGIt";
			};
			name = Release;
		};
		6283B3CD1D837206007A5385 /* Debug */ = {
			isa = XCBuildConfiguration;
			buildSettings = {
				INFOPLIST_FILE = testGItUITests/Info.plist;
				LD_RUNPATH_SEARCH_PATHS = "$(inherited) @executable_path/Frameworks @loader_path/Frameworks";
				PRODUCT_BUNDLE_IDENTIFIER = tao.testGItUITests;
				PRODUCT_NAME = "$(TARGET_NAME)";
				TEST_TARGET_NAME = testGIt;
			};
			name = Debug;
		};
		6283B3CE1D837206007A5385 /* Release */ = {
			isa = XCBuildConfiguration;
			buildSettings = {
				INFOPLIST_FILE = testGItUITests/Info.plist;
				LD_RUNPATH_SEARCH_PATHS = "$(inherited) @executable_path/Frameworks @loader_path/Frameworks";
				PRODUCT_BUNDLE_IDENTIFIER = tao.testGItUITests;
				PRODUCT_NAME = "$(TARGET_NAME)";
				TEST_TARGET_NAME = testGIt;
			};
			name = Release;
		};
/* End XCBuildConfiguration section */

/* Begin XCConfigurationList section */
		6283B3991D837205007A5385 /* Build configuration list for PBXProject "testGIt" */ = {
			isa = XCConfigurationList;
			buildConfigurations = (
				6283B3C41D837206007A5385 /* Debug */,
				6283B3C51D837206007A5385 /* Release */,
			);
			defaultConfigurationIsVisible = 0;
			defaultConfigurationName = Release;
		};
		6283B3C61D837206007A5385 /* Build configuration list for PBXNativeTarget "testGIt" */ = {
			isa = XCConfigurationList;
			buildConfigurations = (
				6283B3C71D837206007A5385 /* Debug */,
				6283B3C81D837206007A5385 /* Release */,
			);
			defaultConfigurationIsVisible = 0;
		};
		6283B3C91D837206007A5385 /* Build configuration list for PBXNativeTarget "testGItTests" */ = {
			isa = XCConfigurationList;
			buildConfigurations = (
				6283B3CA1D837206007A5385 /* Debug */,
				6283B3CB1D837206007A5385 /* Release */,
			);
			defaultConfigurationIsVisible = 0;
		};
		6283B3CC1D837206007A5385 /* Build configuration list for PBXNativeTarget "testGItUITests" */ = {
			isa = XCConfigurationList;
			buildConfigurations = (
				6283B3CD1D837206007A5385 /* Debug */,
				6283B3CE1D837206007A5385 /* Release */,
			);
			defaultConfigurationIsVisible = 0;
		};
/* End XCConfigurationList section */
	};
	rootObject = 6283B3961D837205007A5385 /* Project object */;
}
